{
  "name": "@metaverse-systems/mmg",
  "version": "0.0.1",
  "lockfileVersion": 1,
  "requires": true,
  "dependencies": {
    "@metaverse-systems/position_component": {
      "version": "1.0.6",
      "resolved": "https://registry.npmjs.org/@metaverse-systems/position_component/-/position_component-1.0.6.tgz",
      "integrity": "sha512-k3K254M9rT0BaU7xbtHOS2W+7W6+MIvO0msDjyyOTbUBwsCnFBfcYGbCHzG0W5LPxIh0KM6GCN6eqZNvNEsgCg=="
    },
    "@metaverse-systems/tcod_video_system": {
      "version": "file:../tcod_video_system",
      "requires": {
        "@metaverse-systems/position_component": "^1.0.6",
        "@metaverse-systems/text_component": "file:../text_component"
      },
      "dependencies": {
        "@metaverse-systems/position_component": {
          "version": "1.0.6",
          "resolved": "https://registry.npmjs.org/@metaverse-systems/position_component/-/position_component-1.0.6.tgz",
          "integrity": "sha512-k3K254M9rT0BaU7xbtHOS2W+7W6+MIvO0msDjyyOTbUBwsCnFBfcYGbCHzG0W5LPxIh0KM6GCN6eqZNvNEsgCg=="
        },
        "@metaverse-systems/text_component": {
          "version": "file:../text_component"
        }
      }
    },
    "@metaverse-systems/text_component": {
      "version": "file:../text_component"
    },
    "@metaverse-systems/zzt_engine_system": {
      "version": "file:../zzt_engine_system",
      "requires": {
        "@metaverse-systems/position_component": "file:../position_component",
        "@metaverse-systems/text_component": "file:../text_component"
      },
      "dependencies": {
        "@metaverse-systems/position_component": {
          "version": "file:../position_component"
        },
        "@metaverse-systems/text_component": {
          "version": "file:../text_component"
        }
      }
    }
  }
}
